
Microsoft Visual Studio Solution File, Format Version 12.00
# Visual Studio 2012
Project("{FAE04EC0-301F-11D3-BF4B-00C04F79EFBC}") = "passwords-linux", "passwords-linux\passwords-linux.csproj", "{C587F841-B7B6-46E2-9172-89A26E6E3691}"
EndProject
Global
	GlobalSection(SolutionConfigurationPlatforms) = preSolution
		Debug|x86 = Debug|x86
		Release|x86 = Release|x86
	EndGlobalSection
	GlobalSection(ProjectConfigurationPlatforms) = postSolution
		{C587F841-B7B6-46E2-9172-89A26E6E3691}.Debug|x86.ActiveCfg = Debug|x86
		{C587F841-B7B6-46E2-9172-89A26E6E3691}.Debug|x86.Build.0 = Debug|x86
		{C587F841-B7B6-46E2-9172-89A26E6E3691}.Release|x86.ActiveCfg = Release|x86
		{C587F841-B7B6-46E2-9172-89A26E6E3691}.Release|x86.Build.0 = Release|x86
	EndGlobalSection
EndGlobal
