
Microsoft Visual Studio Solution File, Format Version 12.00
# Visual Studio 2012
Project("{FAE04EC0-301F-11D3-BF4B-00C04F79EFBC}") = "encryption-linux", "encryption-linux\encryption-linux.csproj", "{C2EAB60A-4620-4A35-8FF6-0AC5BBF28E28}"
EndProject
Global
	GlobalSection(SolutionConfigurationPlatforms) = preSolution
		Debug|x86 = Debug|x86
		Release|x86 = Release|x86
	EndGlobalSection
	GlobalSection(ProjectConfigurationPlatforms) = postSolution
		{C2EAB60A-4620-4A35-8FF6-0AC5BBF28E28}.Debug|x86.ActiveCfg = Debug|x86
		{C2EAB60A-4620-4A35-8FF6-0AC5BBF28E28}.Debug|x86.Build.0 = Debug|x86
		{C2EAB60A-4620-4A35-8FF6-0AC5BBF28E28}.Release|x86.ActiveCfg = Release|x86
		{C2EAB60A-4620-4A35-8FF6-0AC5BBF28E28}.Release|x86.Build.0 = Release|x86
	EndGlobalSection
EndGlobal
